
Microsoft Visual Studio Solution File, Format Version 12.00
# Visual Studio Version 17
VisualStudioVersion = 17.4.33213.308
MinimumVisualStudioVersion = 10.0.40219.1
Project("{9A19103F-16F7-4668-BE54-9A1E7A4F7556}") = "CookBook", "CookBook\CookBook.csproj", "{A6C38E07-61AD-47BC-94A2-0EDFC0C91192}"
EndProject
Project("{FAE04EC0-301F-11D3-BF4B-00C04F79EFBC}") = "CookBook.UI", "CookBook.UI\CookBook.UI.csproj", "{9010994B-57D3-4A06-961E-879BE05982EE}"
EndProject
Project("{FAE04EC0-301F-11D3-BF4B-00C04F79EFBC}") = "CookBook.Business", "CookBook.Business\CookBook.Business.csproj", "{FB3E1F96-34CD-46B5-8FAC-399403B8A759}"
EndProject
Project("{FAE04EC0-301F-11D3-BF4B-00C04F79EFBC}") = "CookBook.Data", "CookBook.Data\CookBook.Data.csproj", "{45C0B5EF-061F-4384-A928-7183944AC11C}"
EndProject
Global
	GlobalSection(SolutionConfigurationPlatforms) = preSolution
		Debug|Any CPU = Debug|Any CPU
		Release|Any CPU = Release|Any CPU
	EndGlobalSection
	GlobalSection(ProjectConfigurationPlatforms) = postSolution
		{A6C38E07-61AD-47BC-94A2-0EDFC0C91192}.Debug|Any CPU.ActiveCfg = Debug|Any CPU
		{A6C38E07-61AD-47BC-94A2-0EDFC0C91192}.Debug|Any CPU.Build.0 = Debug|Any CPU
		{A6C38E07-61AD-47BC-94A2-0EDFC0C91192}.Release|Any CPU.ActiveCfg = Release|Any CPU
		{A6C38E07-61AD-47BC-94A2-0EDFC0C91192}.Release|Any CPU.Build.0 = Release|Any CPU
		{9010994B-57D3-4A06-961E-879BE05982EE}.Debug|Any CPU.ActiveCfg = Debug|Any CPU
		{9010994B-57D3-4A06-961E-879BE05982EE}.Debug|Any CPU.Build.0 = Debug|Any CPU
		{9010994B-57D3-4A06-961E-879BE05982EE}.Release|Any CPU.ActiveCfg = Release|Any CPU
		{9010994B-57D3-4A06-961E-879BE05982EE}.Release|Any CPU.Build.0 = Release|Any CPU
		{FB3E1F96-34CD-46B5-8FAC-399403B8A759}.Debug|Any CPU.ActiveCfg = Debug|Any CPU
		{FB3E1F96-34CD-46B5-8FAC-399403B8A759}.Debug|Any CPU.Build.0 = Debug|Any CPU
		{FB3E1F96-34CD-46B5-8FAC-399403B8A759}.Release|Any CPU.ActiveCfg = Release|Any CPU
		{FB3E1F96-34CD-46B5-8FAC-399403B8A759}.Release|Any CPU.Build.0 = Release|Any CPU
		{45C0B5EF-061F-4384-A928-7183944AC11C}.Debug|Any CPU.ActiveCfg = Debug|Any CPU
		{45C0B5EF-061F-4384-A928-7183944AC11C}.Debug|Any CPU.Build.0 = Debug|Any CPU
		{45C0B5EF-061F-4384-A928-7183944AC11C}.Release|Any CPU.ActiveCfg = Release|Any CPU
		{45C0B5EF-061F-4384-A928-7183944AC11C}.Release|Any CPU.Build.0 = Release|Any CPU
	EndGlobalSection
	GlobalSection(SolutionProperties) = preSolution
		HideSolutionNode = FALSE
	EndGlobalSection
	GlobalSection(ExtensibilityGlobals) = postSolution
		SolutionGuid = {EC363A73-D1C9-4C0F-8750-AD8A37AAA9D3}
	EndGlobalSection
EndGlobal
